
Microsoft Visual Studio Solution File, Format Version 12.00
# Visual Studio Version 16
VisualStudioVersion = 16.0.30804.86
MinimumVisualStudioVersion = 10.0.40219.1
Project("{9A19103F-16F7-4668-BE54-9A1E7A4F7556}") = "WebApplication2", "WebApplication2\WebApplication2.csproj", "{051C8B40-4327-49AD-BFA9-F6DC4C463570}"
EndProject
Project("{9A19103F-16F7-4668-BE54-9A1E7A4F7556}") = "PropStoreTests1", "PropStoreTests1\PropStoreTests1.csproj", "{C6A87F09-657E-4FCC-A5A9-60445F8A277A}"
EndProject
Global
	GlobalSection(SolutionConfigurationPlatforms) = preSolution
		Debug|Any CPU = Debug|Any CPU
		Release|Any CPU = Release|Any CPU
	EndGlobalSection
	GlobalSection(ProjectConfigurationPlatforms) = postSolution
		{051C8B40-4327-49AD-BFA9-F6DC4C463570}.Debug|Any CPU.ActiveCfg = Debug|Any CPU
		{051C8B40-4327-49AD-BFA9-F6DC4C463570}.Debug|Any CPU.Build.0 = Debug|Any CPU
		{051C8B40-4327-49AD-BFA9-F6DC4C463570}.Release|Any CPU.ActiveCfg = Release|Any CPU
		{051C8B40-4327-49AD-BFA9-F6DC4C463570}.Release|Any CPU.Build.0 = Release|Any CPU
		{C6A87F09-657E-4FCC-A5A9-60445F8A277A}.Debug|Any CPU.ActiveCfg = Debug|Any CPU
		{C6A87F09-657E-4FCC-A5A9-60445F8A277A}.Debug|Any CPU.Build.0 = Debug|Any CPU
		{C6A87F09-657E-4FCC-A5A9-60445F8A277A}.Release|Any CPU.ActiveCfg = Release|Any CPU
		{C6A87F09-657E-4FCC-A5A9-60445F8A277A}.Release|Any CPU.Build.0 = Release|Any CPU
	EndGlobalSection
	GlobalSection(SolutionProperties) = preSolution
		HideSolutionNode = FALSE
	EndGlobalSection
	GlobalSection(ExtensibilityGlobals) = postSolution
		SolutionGuid = {94B66AE9-6A9A-4FF8-A1BA-497ACB04BD6E}
	EndGlobalSection
EndGlobal
